
Microsoft Visual Studio Solution File, Format Version 12.00
Project("{FAE04EC0-301F-11D3-BF4B-00C04F79EFBC}") = "MiniWorkflowBuilder", "MiniWorkflowBuilder.csproj", "{36F9BDFD-B82D-4429-B138-DD52B57AFC57}"
EndProject
Global
	GlobalSection(SolutionConfigurationPlatforms) = preSolution
		Debug|Any CPU = Debug|Any CPU
		Release|Any CPU = Release|Any CPU
	EndGlobalSection
	GlobalSection(ProjectConfigurationPlatforms) = postSolution
		{36F9BDFD-B82D-4429-B138-DD52B57AFC57}.Debug|Any CPU.ActiveCfg = Debug|Any CPU
		{36F9BDFD-B82D-4429-B138-DD52B57AFC57}.Debug|Any CPU.Build.0 = Debug|Any CPU
		{36F9BDFD-B82D-4429-B138-DD52B57AFC57}.Release|Any CPU.ActiveCfg = Release|Any CPU
		{36F9BDFD-B82D-4429-B138-DD52B57AFC57}.Release|Any CPU.Build.0 = Release|Any CPU
	EndGlobalSection
EndGlobal
